
Microsoft Visual Studio Solution File, Format Version 12.00
# Visual Studio Version 16
VisualStudioVersion = 16.0.30225.117
MinimumVisualStudioVersion = 10.0.40219.1
Project("{FAE04EC0-301F-11D3-BF4B-00C04F79EFBC}") = "Sample", "Sample\Sample.csproj", "{C16BA3FA-0E96-4D27-AB85-939B6E2AABFE}"
EndProject
Global
	GlobalSection(SolutionConfigurationPlatforms) = preSolution
		Debug|Any CPU = Debug|Any CPU
		Release|Any CPU = Release|Any CPU
	EndGlobalSection
	GlobalSection(ProjectConfigurationPlatforms) = postSolution
		{C16BA3FA-0E96-4D27-AB85-939B6E2AABFE}.Debug|Any CPU.ActiveCfg = Debug|Any CPU
		{C16BA3FA-0E96-4D27-AB85-939B6E2AABFE}.Debug|Any CPU.Build.0 = Debug|Any CPU
		{C16BA3FA-0E96-4D27-AB85-939B6E2AABFE}.Release|Any CPU.ActiveCfg = Release|Any CPU
		{C16BA3FA-0E96-4D27-AB85-939B6E2AABFE}.Release|Any CPU.Build.0 = Release|Any CPU
	EndGlobalSection
	GlobalSection(SolutionProperties) = preSolution
		HideSolutionNode = FALSE
	EndGlobalSection
	GlobalSection(ExtensibilityGlobals) = postSolution
		SolutionGuid = {9A76059C-3BD9-4157-9CA0-C7DEABD03505}
	EndGlobalSection
EndGlobal
