
Microsoft Visual Studio Solution File, Format Version 12.00
# Visual Studio Version 16
VisualStudioVersion = 16.0.30225.117
MinimumVisualStudioVersion = 10.0.40219.1
Project("{FAE04EC0-301F-11D3-BF4B-00C04F79EFBC}") = "VehicleApp", "VehicleApp\VehicleApp.csproj", "{F101ADF4-890E-4120-89CC-F168EC78A4B4}"
EndProject
Global
	GlobalSection(SolutionConfigurationPlatforms) = preSolution
		Debug|Any CPU = Debug|Any CPU
		Release|Any CPU = Release|Any CPU
	EndGlobalSection
	GlobalSection(ProjectConfigurationPlatforms) = postSolution
		{F101ADF4-890E-4120-89CC-F168EC78A4B4}.Debug|Any CPU.ActiveCfg = Debug|Any CPU
		{F101ADF4-890E-4120-89CC-F168EC78A4B4}.Debug|Any CPU.Build.0 = Debug|Any CPU
		{F101ADF4-890E-4120-89CC-F168EC78A4B4}.Release|Any CPU.ActiveCfg = Release|Any CPU
		{F101ADF4-890E-4120-89CC-F168EC78A4B4}.Release|Any CPU.Build.0 = Release|Any CPU
	EndGlobalSection
	GlobalSection(SolutionProperties) = preSolution
		HideSolutionNode = FALSE
	EndGlobalSection
	GlobalSection(ExtensibilityGlobals) = postSolution
		SolutionGuid = {9A073CAB-B39A-4F6B-A7D8-82A5B3C29FE1}
	EndGlobalSection
EndGlobal
